
Microsoft Visual Studio Solution File, Format Version 12.00
# Visual Studio Version 17
VisualStudioVersion = 17.4.33205.214
MinimumVisualStudioVersion = 10.0.40219.1
Project("{FAE04EC0-301F-11D3-BF4B-00C04F79EFBC}") = "CHAPTER 02. 비밀 코드 맞추기", "CHAPTER 02. 비밀 코드 맞추기.csproj", "{B1DF3A27-B47E-4F2B-BF06-B6662F575294}"
EndProject
Global
	GlobalSection(SolutionConfigurationPlatforms) = preSolution
		Debug|Any CPU = Debug|Any CPU
		Release|Any CPU = Release|Any CPU
	EndGlobalSection
	GlobalSection(ProjectConfigurationPlatforms) = postSolution
		{B1DF3A27-B47E-4F2B-BF06-B6662F575294}.Debug|Any CPU.ActiveCfg = Debug|Any CPU
		{B1DF3A27-B47E-4F2B-BF06-B6662F575294}.Debug|Any CPU.Build.0 = Debug|Any CPU
		{B1DF3A27-B47E-4F2B-BF06-B6662F575294}.Release|Any CPU.ActiveCfg = Release|Any CPU
		{B1DF3A27-B47E-4F2B-BF06-B6662F575294}.Release|Any CPU.Build.0 = Release|Any CPU
	EndGlobalSection
	GlobalSection(SolutionProperties) = preSolution
		HideSolutionNode = FALSE
	EndGlobalSection
	GlobalSection(ExtensibilityGlobals) = postSolution
		SolutionGuid = {F40C2679-A835-4C65-8B56-AA12366E0113}
	EndGlobalSection
EndGlobal
