
Microsoft Visual Studio Solution File, Format Version 12.00
# Visual Studio Version 17
VisualStudioVersion = 17.4.33205.214
MinimumVisualStudioVersion = 10.0.40219.1
Project("{FAE04EC0-301F-11D3-BF4B-00C04F79EFBC}") = "CHAPTER 01. Exercise", "CHAPTER 01. Exercise.csproj", "{5BECCFC1-752D-48EA-9155-1E10A62B7565}"
EndProject
Global
	GlobalSection(SolutionConfigurationPlatforms) = preSolution
		Debug|Any CPU = Debug|Any CPU
		Release|Any CPU = Release|Any CPU
	EndGlobalSection
	GlobalSection(ProjectConfigurationPlatforms) = postSolution
		{5BECCFC1-752D-48EA-9155-1E10A62B7565}.Debug|Any CPU.ActiveCfg = Debug|Any CPU
		{5BECCFC1-752D-48EA-9155-1E10A62B7565}.Debug|Any CPU.Build.0 = Debug|Any CPU
		{5BECCFC1-752D-48EA-9155-1E10A62B7565}.Release|Any CPU.ActiveCfg = Release|Any CPU
		{5BECCFC1-752D-48EA-9155-1E10A62B7565}.Release|Any CPU.Build.0 = Release|Any CPU
	EndGlobalSection
	GlobalSection(SolutionProperties) = preSolution
		HideSolutionNode = FALSE
	EndGlobalSection
	GlobalSection(ExtensibilityGlobals) = postSolution
		SolutionGuid = {5353DEE0-0850-4407-9634-5277FC95C020}
	EndGlobalSection
EndGlobal
