
Microsoft Visual Studio Solution File, Format Version 12.00
# Visual Studio Version 17
VisualStudioVersion = 17.4.33205.214
MinimumVisualStudioVersion = 10.0.40219.1
Project("{FAE04EC0-301F-11D3-BF4B-00C04F79EFBC}") = "2023.01.02 (인터페이스)", "2023.01.02 (인터페이스).csproj", "{0B8ED1CE-4825-4226-AB0F-7F2A12D7ACCF}"
EndProject
Global
	GlobalSection(SolutionConfigurationPlatforms) = preSolution
		Debug|Any CPU = Debug|Any CPU
		Release|Any CPU = Release|Any CPU
	EndGlobalSection
	GlobalSection(ProjectConfigurationPlatforms) = postSolution
		{0B8ED1CE-4825-4226-AB0F-7F2A12D7ACCF}.Debug|Any CPU.ActiveCfg = Debug|Any CPU
		{0B8ED1CE-4825-4226-AB0F-7F2A12D7ACCF}.Debug|Any CPU.Build.0 = Debug|Any CPU
		{0B8ED1CE-4825-4226-AB0F-7F2A12D7ACCF}.Release|Any CPU.ActiveCfg = Release|Any CPU
		{0B8ED1CE-4825-4226-AB0F-7F2A12D7ACCF}.Release|Any CPU.Build.0 = Release|Any CPU
	EndGlobalSection
	GlobalSection(SolutionProperties) = preSolution
		HideSolutionNode = FALSE
	EndGlobalSection
	GlobalSection(ExtensibilityGlobals) = postSolution
		SolutionGuid = {50159DFE-5AE4-449C-B15C-A3D1E2335260}
	EndGlobalSection
EndGlobal
