
Microsoft Visual Studio Solution File, Format Version 12.00
# Visual Studio Version 17
VisualStudioVersion = 17.4.33205.214
MinimumVisualStudioVersion = 10.0.40219.1
Project("{FAE04EC0-301F-11D3-BF4B-00C04F79EFBC}") = "CHAPTER 02. 도형의 면적 계산하기", "CHAPTER 02. 도형의 면적 계산하기.csproj", "{3C2BB3C4-A7FA-4ED3-9F5B-218E0BA7B590}"
EndProject
Global
	GlobalSection(SolutionConfigurationPlatforms) = preSolution
		Debug|Any CPU = Debug|Any CPU
		Release|Any CPU = Release|Any CPU
	EndGlobalSection
	GlobalSection(ProjectConfigurationPlatforms) = postSolution
		{3C2BB3C4-A7FA-4ED3-9F5B-218E0BA7B590}.Debug|Any CPU.ActiveCfg = Debug|Any CPU
		{3C2BB3C4-A7FA-4ED3-9F5B-218E0BA7B590}.Debug|Any CPU.Build.0 = Debug|Any CPU
		{3C2BB3C4-A7FA-4ED3-9F5B-218E0BA7B590}.Release|Any CPU.ActiveCfg = Release|Any CPU
		{3C2BB3C4-A7FA-4ED3-9F5B-218E0BA7B590}.Release|Any CPU.Build.0 = Release|Any CPU
	EndGlobalSection
	GlobalSection(SolutionProperties) = preSolution
		HideSolutionNode = FALSE
	EndGlobalSection
	GlobalSection(ExtensibilityGlobals) = postSolution
		SolutionGuid = {4D679508-C077-4E94-946E-9E90155957C3}
	EndGlobalSection
EndGlobal
