
Microsoft Visual Studio Solution File, Format Version 12.00
# Visual Studio Version 17
VisualStudioVersion = 17.4.33205.214
MinimumVisualStudioVersion = 10.0.40219.1
Project("{FAE04EC0-301F-11D3-BF4B-00C04F79EFBC}") = "CHAPTER 02. 산수 문제 자동 출제", "CHAPTER 02. 산수 문제 자동 출제.csproj", "{765C145A-1771-48E6-81BD-4708CD59F0BD}"
EndProject
Global
	GlobalSection(SolutionConfigurationPlatforms) = preSolution
		Debug|Any CPU = Debug|Any CPU
		Release|Any CPU = Release|Any CPU
	EndGlobalSection
	GlobalSection(ProjectConfigurationPlatforms) = postSolution
		{765C145A-1771-48E6-81BD-4708CD59F0BD}.Debug|Any CPU.ActiveCfg = Debug|Any CPU
		{765C145A-1771-48E6-81BD-4708CD59F0BD}.Debug|Any CPU.Build.0 = Debug|Any CPU
		{765C145A-1771-48E6-81BD-4708CD59F0BD}.Release|Any CPU.ActiveCfg = Release|Any CPU
		{765C145A-1771-48E6-81BD-4708CD59F0BD}.Release|Any CPU.Build.0 = Release|Any CPU
	EndGlobalSection
	GlobalSection(SolutionProperties) = preSolution
		HideSolutionNode = FALSE
	EndGlobalSection
	GlobalSection(ExtensibilityGlobals) = postSolution
		SolutionGuid = {4B04E01E-FF31-40D6-B77C-FCA97745C6DB}
	EndGlobalSection
EndGlobal
