
Microsoft Visual Studio Solution File, Format Version 12.00
# Visual Studio Version 17
VisualStudioVersion = 17.4.33205.214
MinimumVisualStudioVersion = 10.0.40219.1
Project("{FAE04EC0-301F-11D3-BF4B-00C04F79EFBC}") = "CHAPTER 02. 자음과 모음 개수 세기", "CHAPTER 02. 자음과 모음 개수 세기.csproj", "{32D8573B-B46C-4DF5-BA25-5522979F9338}"
EndProject
Global
	GlobalSection(SolutionConfigurationPlatforms) = preSolution
		Debug|Any CPU = Debug|Any CPU
		Release|Any CPU = Release|Any CPU
	EndGlobalSection
	GlobalSection(ProjectConfigurationPlatforms) = postSolution
		{32D8573B-B46C-4DF5-BA25-5522979F9338}.Debug|Any CPU.ActiveCfg = Debug|Any CPU
		{32D8573B-B46C-4DF5-BA25-5522979F9338}.Debug|Any CPU.Build.0 = Debug|Any CPU
		{32D8573B-B46C-4DF5-BA25-5522979F9338}.Release|Any CPU.ActiveCfg = Release|Any CPU
		{32D8573B-B46C-4DF5-BA25-5522979F9338}.Release|Any CPU.Build.0 = Release|Any CPU
	EndGlobalSection
	GlobalSection(SolutionProperties) = preSolution
		HideSolutionNode = FALSE
	EndGlobalSection
	GlobalSection(ExtensibilityGlobals) = postSolution
		SolutionGuid = {05BBC010-62E9-4646-B351-D5E0019DF69D}
	EndGlobalSection
EndGlobal
